github.com/thesyncim/vibejson v0.0.0-20260730224651-50a62f7753df h1:uKhFWMwhHIwIsqKb6nF8Bu36NOKBjVSvne7EYf59kSg=
github.com/thesyncim/vibejson v0.0.0-20260730224651-50a62f7753df/go.mod h1:kvdNOZKpEtFo+trGM4UTz7pgy21ZKEgVx/n0WrcjlbQ=
golang.org/x/sys v0.47.0 h1:o7XGOvZQCADBQQ4Y7VNq2dRWQR7JmOUW8Kxx4ZsNgWs=
golang.org/x/sys v0.47.0/go.mod h1:4GL1E5IUh+htKOUEOaiffhrAeqysfVGipDYzABqnCmw=
